
Microsoft Visual Studio Solution File, Format Version 12.00
# Visual Studio 14
VisualStudioVersion = 14.0.25123.0
MinimumVisualStudioVersion = 10.0.40219.1
Project("{FAE04EC0-301F-11D3-BF4B-00C04F79EFBC}") = "Warmups", "Warmups\Warmups.csproj", "{07245E8A-97F5-4259-A7F0-6136892B7FC5}"
EndProject
Project("{FAE04EC0-301F-11D3-BF4B-00C04F79EFBC}") = "Warmups.Tests", "Warmups.Tests\Warmups.Tests.csproj", "{81E61DFE-3B1D-4E04-985E-EE9AFBA3891A}"
EndProject
Global
	GlobalSection(SolutionConfigurationPlatforms) = preSolution
		Debug|Any CPU = Debug|Any CPU
		Release|Any CPU = Release|Any CPU
	EndGlobalSection
	GlobalSection(ProjectConfigurationPlatforms) = postSolution
		{07245E8A-97F5-4259-A7F0-6136892B7FC5}.Debug|Any CPU.ActiveCfg = Debug|Any CPU
		{07245E8A-97F5-4259-A7F0-6136892B7FC5}.Debug|Any CPU.Build.0 = Debug|Any CPU
		{07245E8A-97F5-4259-A7F0-6136892B7FC5}.Release|Any CPU.ActiveCfg = Release|Any CPU
		{07245E8A-97F5-4259-A7F0-6136892B7FC5}.Release|Any CPU.Build.0 = Release|Any CPU
		{81E61DFE-3B1D-4E04-985E-EE9AFBA3891A}.Debug|Any CPU.ActiveCfg = Debug|Any CPU
		{81E61DFE-3B1D-4E04-985E-EE9AFBA3891A}.Debug|Any CPU.Build.0 = Debug|Any CPU
		{81E61DFE-3B1D-4E04-985E-EE9AFBA3891A}.Release|Any CPU.ActiveCfg = Release|Any CPU
		{81E61DFE-3B1D-4E04-985E-EE9AFBA3891A}.Release|Any CPU.Build.0 = Release|Any CPU
	EndGlobalSection
	GlobalSection(SolutionProperties) = preSolution
		HideSolutionNode = FALSE
	EndGlobalSection
EndGlobal
